<Solution>
  <Folder Name="/src/">
    <Project Path="src/PhotoSort/PhotoSort.csproj" />
  </Folder>
  <Folder Name="/tests/">
    <Project Path="tests/PhotoSort.Tests/PhotoSort.Tests.csproj" />
  </Folder>
  <Folder Name="/tools/">
    <Project Path="GroupsMaker/GroupsMaker.csproj" />
  </Folder>
</Solution>
